
Microsoft Visual Studio Solution File, Format Version 12.00
# Visual Studio 2013
VisualStudioVersion = 12.0.21005.1
MinimumVisualStudioVersion = 10.0.40219.1
Project("{8BC9CEB8-8B4A-11D0-8D11-00A0C91BC942}") = "HelloWorldNoGrid", "HelloWorldNoGrid\HelloWorldNoGrid.vcxproj", "{1216E53A-580A-4B87-9802-F96E5BA15CDA}"
EndProject
Global
	GlobalSection(SolutionConfigurationPlatforms) = preSolution
		Debug|ARM = Debug|ARM
		Debug|Win32 = Debug|Win32
		Debug|x64 = Debug|x64
		Release|ARM = Release|ARM
		Release|Win32 = Release|Win32
		Release|x64 = Release|x64
	EndGlobalSection
	GlobalSection(ProjectConfigurationPlatforms) = postSolution
		{1216E53A-580A-4B87-9802-F96E5BA15CDA}.Debug|ARM.ActiveCfg = Debug|ARM
		{1216E53A-580A-4B87-9802-F96E5BA15CDA}.Debug|ARM.Build.0 = Debug|ARM
		{1216E53A-580A-4B87-9802-F96E5BA15CDA}.Debug|ARM.Deploy.0 = Debug|ARM
		{1216E53A-580A-4B87-9802-F96E5BA15CDA}.Debug|Win32.ActiveCfg = Debug|Win32
		{1216E53A-580A-4B87-9802-F96E5BA15CDA}.Debug|Win32.Build.0 = Debug|Win32
		{1216E53A-580A-4B87-9802-F96E5BA15CDA}.Debug|Win32.Deploy.0 = Debug|Win32
		{1216E53A-580A-4B87-9802-F96E5BA15CDA}.Debug|x64.ActiveCfg = Debug|x64
		{1216E53A-580A-4B87-9802-F96E5BA15CDA}.Debug|x64.Build.0 = Debug|x64
		{1216E53A-580A-4B87-9802-F96E5BA15CDA}.Debug|x64.Deploy.0 = Debug|x64
		{1216E53A-580A-4B87-9802-F96E5BA15CDA}.Release|ARM.ActiveCfg = Release|ARM
		{1216E53A-580A-4B87-9802-F96E5BA15CDA}.Release|ARM.Build.0 = Release|ARM
		{1216E53A-580A-4B87-9802-F96E5BA15CDA}.Release|ARM.Deploy.0 = Release|ARM
		{1216E53A-580A-4B87-9802-F96E5BA15CDA}.Release|Win32.ActiveCfg = Release|Win32
		{1216E53A-580A-4B87-9802-F96E5BA15CDA}.Release|Win32.Build.0 = Release|Win32
		{1216E53A-580A-4B87-9802-F96E5BA15CDA}.Release|Win32.Deploy.0 = Release|Win32
		{1216E53A-580A-4B87-9802-F96E5BA15CDA}.Release|x64.ActiveCfg = Release|x64
		{1216E53A-580A-4B87-9802-F96E5BA15CDA}.Release|x64.Build.0 = Release|x64
		{1216E53A-580A-4B87-9802-F96E5BA15CDA}.Release|x64.Deploy.0 = Release|x64
	EndGlobalSection
	GlobalSection(SolutionProperties) = preSolution
		HideSolutionNode = FALSE
	EndGlobalSection
EndGlobal
