
Microsoft Visual Studio Solution File, Format Version 12.00
# Visual Studio 2013
VisualStudioVersion = 12.0.21005.1
MinimumVisualStudioVersion = 10.0.40219.1
Project("{8BC9CEB8-8B4A-11D0-8D11-00A0C91BC942}") = "WindowsPhoneRuntimeComponent", "WindowsPhoneRuntimeComponent.vcxproj", "{0EEE3CE2-FD4A-494C-88EF-A3202A032705}"
EndProject
Global
	GlobalSection(SolutionConfigurationPlatforms) = preSolution
		Debug|ARM = Debug|ARM
		Debug|Win32 = Debug|Win32
		Release|ARM = Release|ARM
		Release|Win32 = Release|Win32
	EndGlobalSection
	GlobalSection(ProjectConfigurationPlatforms) = postSolution
		{0EEE3CE2-FD4A-494C-88EF-A3202A032705}.Debug|ARM.ActiveCfg = Debug|ARM
		{0EEE3CE2-FD4A-494C-88EF-A3202A032705}.Debug|ARM.Build.0 = Debug|ARM
		{0EEE3CE2-FD4A-494C-88EF-A3202A032705}.Debug|Win32.ActiveCfg = Debug|Win32
		{0EEE3CE2-FD4A-494C-88EF-A3202A032705}.Debug|Win32.Build.0 = Debug|Win32
		{0EEE3CE2-FD4A-494C-88EF-A3202A032705}.Release|ARM.ActiveCfg = Release|ARM
		{0EEE3CE2-FD4A-494C-88EF-A3202A032705}.Release|ARM.Build.0 = Release|ARM
		{0EEE3CE2-FD4A-494C-88EF-A3202A032705}.Release|Win32.ActiveCfg = Release|Win32
		{0EEE3CE2-FD4A-494C-88EF-A3202A032705}.Release|Win32.Build.0 = Release|Win32
	EndGlobalSection
	GlobalSection(SolutionProperties) = preSolution
		HideSolutionNode = FALSE
	EndGlobalSection
EndGlobal
